
Microsoft Visual Studio Solution File, Format Version 12.00
# Visual Studio Version 16
VisualStudioVersion = 16.0.29418.71
MinimumVisualStudioVersion = 10.0.40219.1
Project("{888888A0-9F3D-457C-B088-3A5042F75D52}") = "Maps_of_Cohonen", "Maps_of_Cohonen\Maps_of_Cohonen.pyproj", "{39FE030D-44E2-468B-B002-843E01DA4C2D}"
EndProject
Global
	GlobalSection(SolutionConfigurationPlatforms) = preSolution
		Debug|Any CPU = Debug|Any CPU
		Release|Any CPU = Release|Any CPU
	EndGlobalSection
	GlobalSection(ProjectConfigurationPlatforms) = postSolution
		{39FE030D-44E2-468B-B002-843E01DA4C2D}.Debug|Any CPU.ActiveCfg = Debug|Any CPU
		{39FE030D-44E2-468B-B002-843E01DA4C2D}.Release|Any CPU.ActiveCfg = Release|Any CPU
	EndGlobalSection
	GlobalSection(SolutionProperties) = preSolution
		HideSolutionNode = FALSE
	EndGlobalSection
	GlobalSection(ExtensibilityGlobals) = postSolution
		SolutionGuid = {CFC38756-1233-4C8F-B868-10200F84284F}
	EndGlobalSection
EndGlobal
